
Microsoft Visual Studio Solution File, Format Version 12.00
# Visual Studio Version 16
VisualStudioVersion = 16.0.29326.143
MinimumVisualStudioVersion = 10.0.40219.1
Project("{FAE04EC0-301F-11D3-BF4B-00C04F79EFBC}") = "FIT5032_Week08B", "FIT5032_Week08B\FIT5032_Week08B.csproj", "{3424FA86-5B6C-4667-9102-3000D1948418}"
EndProject
Global
	GlobalSection(SolutionConfigurationPlatforms) = preSolution
		Debug|Any CPU = Debug|Any CPU
		Release|Any CPU = Release|Any CPU
	EndGlobalSection
	GlobalSection(ProjectConfigurationPlatforms) = postSolution
		{3424FA86-5B6C-4667-9102-3000D1948418}.Debug|Any CPU.ActiveCfg = Debug|Any CPU
		{3424FA86-5B6C-4667-9102-3000D1948418}.Debug|Any CPU.Build.0 = Debug|Any CPU
		{3424FA86-5B6C-4667-9102-3000D1948418}.Release|Any CPU.ActiveCfg = Release|Any CPU
		{3424FA86-5B6C-4667-9102-3000D1948418}.Release|Any CPU.Build.0 = Release|Any CPU
	EndGlobalSection
	GlobalSection(SolutionProperties) = preSolution
		HideSolutionNode = FALSE
	EndGlobalSection
	GlobalSection(ExtensibilityGlobals) = postSolution
		SolutionGuid = {50CB6048-AB17-413C-8A14-BC441875C0B9}
	EndGlobalSection
EndGlobal
