
Microsoft Visual Studio Solution File, Format Version 12.00
# Visual Studio Version 16
VisualStudioVersion = 16.0.29324.140
MinimumVisualStudioVersion = 10.0.40219.1
Project("{FAE04EC0-301F-11D3-BF4B-00C04F79EFBC}") = "FoodBankMelbourne_frez0003", "FoodBankMelbourne_frez0003\FoodBankMelbourne_frez0003.csproj", "{F9C69E00-BA19-4CB9-9199-BB1230DA7FDB}"
EndProject
Global
	GlobalSection(SolutionConfigurationPlatforms) = preSolution
		Debug|Any CPU = Debug|Any CPU
		Release|Any CPU = Release|Any CPU
	EndGlobalSection
	GlobalSection(ProjectConfigurationPlatforms) = postSolution
		{F9C69E00-BA19-4CB9-9199-BB1230DA7FDB}.Debug|Any CPU.ActiveCfg = Debug|Any CPU
		{F9C69E00-BA19-4CB9-9199-BB1230DA7FDB}.Debug|Any CPU.Build.0 = Debug|Any CPU
		{F9C69E00-BA19-4CB9-9199-BB1230DA7FDB}.Release|Any CPU.ActiveCfg = Release|Any CPU
		{F9C69E00-BA19-4CB9-9199-BB1230DA7FDB}.Release|Any CPU.Build.0 = Release|Any CPU
	EndGlobalSection
	GlobalSection(SolutionProperties) = preSolution
		HideSolutionNode = FALSE
	EndGlobalSection
	GlobalSection(ExtensibilityGlobals) = postSolution
		SolutionGuid = {C9379026-185C-443B-A85F-2CBA120A372F}
	EndGlobalSection
EndGlobal
